
Microsoft Visual Studio Solution File, Format Version 12.00
# Visual Studio Version 17
VisualStudioVersion = 17.2.32630.192
MinimumVisualStudioVersion = 10.0.40219.1
Project("{FAE04EC0-301F-11D3-BF4B-00C04F79EFBC}") = "2D_textMap", "2D_textMap\2D_textMap.csproj", "{D689ABD6-CB45-47BE-8C6D-2F28333BA276}"
EndProject
Global
	GlobalSection(SolutionConfigurationPlatforms) = preSolution
		Debug|Any CPU = Debug|Any CPU
		Release|Any CPU = Release|Any CPU
	EndGlobalSection
	GlobalSection(ProjectConfigurationPlatforms) = postSolution
		{D689ABD6-CB45-47BE-8C6D-2F28333BA276}.Debug|Any CPU.ActiveCfg = Debug|Any CPU
		{D689ABD6-CB45-47BE-8C6D-2F28333BA276}.Debug|Any CPU.Build.0 = Debug|Any CPU
		{D689ABD6-CB45-47BE-8C6D-2F28333BA276}.Release|Any CPU.ActiveCfg = Release|Any CPU
		{D689ABD6-CB45-47BE-8C6D-2F28333BA276}.Release|Any CPU.Build.0 = Release|Any CPU
	EndGlobalSection
	GlobalSection(SolutionProperties) = preSolution
		HideSolutionNode = FALSE
	EndGlobalSection
	GlobalSection(ExtensibilityGlobals) = postSolution
		SolutionGuid = {C7C4F995-2E4A-4849-8EB4-E2E65FD3F769}
	EndGlobalSection
EndGlobal
